{
  "name": "note",
  "version": "1.0.0",
  "lockfileVersion": 1,
  "requires": true,
  "dependencies": {
    "@kwsites/file-exists": {
      "version": "1.1.1",
      "resolved": "https://registry.npm.taobao.org/@kwsites/file-exists/download/@kwsites/file-exists-1.1.1.tgz",
      "integrity": "sha1-rR78rBPhmH2NuvI17zvlsNlvqpk=",
      "requires": {
        "debug": "^4.1.1"
      }
    },
    "@kwsites/promise-deferred": {
      "version": "1.1.1",
      "resolved": "https://registry.npm.taobao.org/@kwsites/promise-deferred/download/@kwsites/promise-deferred-1.1.1.tgz",
      "integrity": "sha1-is5SWSVEJszvV/MXW8ZO1wle2Rk="
    },
    "anymatch": {
      "version": "3.1.1",
      "resolved": "https://registry.npm.taobao.org/anymatch/download/anymatch-3.1.1.tgz",
      "integrity": "sha1-xV7PAhheJGklk5kxDBc84xIzsUI=",
      "requires": {
        "normalize-path": "^3.0.0",
        "picomatch": "^2.0.4"
      }
    },
    "binary-extensions": {
      "version": "2.1.0",
      "resolved": "https://registry.npm.taobao.org/binary-extensions/download/binary-extensions-2.1.0.tgz",
      "integrity": "sha1-MPpAyef+B9vIlWeM0ocCTeokHdk="
    },
    "braces": {
      "version": "3.0.2",
      "resolved": "https://registry.npm.taobao.org/braces/download/braces-3.0.2.tgz",
      "integrity": "sha1-NFThpGLujVmeI23zNs2epPiv4Qc=",
      "requires": {
        "fill-range": "^7.0.1"
      }
    },
    "chokidar": {
      "version": "3.4.3",
      "resolved": "https://registry.npm.taobao.org/chokidar/download/chokidar-3.4.3.tgz?cache=0&sync_timestamp=1602585391857&other_urls=https%3A%2F%2Fregistry.npm.taobao.org%2Fchokidar%2Fdownload%2Fchokidar-3.4.3.tgz",
      "integrity": "sha1-wd84IxRI5FykrFiObHlXO6alfVs=",
      "requires": {
        "anymatch": "~3.1.1",
        "braces": "~3.0.2",
        "fsevents": "~2.1.2",
        "glob-parent": "~5.1.0",
        "is-binary-path": "~2.1.0",
        "is-glob": "~4.0.1",
        "normalize-path": "~3.0.0",
        "readdirp": "~3.5.0"
      }
    },
    "date-format": {
      "version": "3.0.0",
      "resolved": "https://registry.npm.taobao.org/date-format/download/date-format-3.0.0.tgz",
      "integrity": "sha1-64eANlx9KxURB4+0keZHl4DzrZU="
    },
    "debug": {
      "version": "4.3.1",
      "resolved": "https://registry.npm.taobao.org/debug/download/debug-4.3.1.tgz?cache=0&sync_timestamp=1605791516034&other_urls=https%3A%2F%2Fregistry.npm.taobao.org%2Fdebug%2Fdownload%2Fdebug-4.3.1.tgz",
      "integrity": "sha1-8NIpxQXgxtjEmsVT0bE9wYP2su4=",
      "requires": {
        "ms": "2.1.2"
      }
    },
    "fill-range": {
      "version": "7.0.1",
      "resolved": "https://registry.npm.taobao.org/fill-range/download/fill-range-7.0.1.tgz",
      "integrity": "sha1-GRmmp8df44ssfHflGYU12prN2kA=",
      "requires": {
        "to-regex-range": "^5.0.1"
      }
    },
    "flatted": {
      "version": "2.0.2",
      "resolved": "https://registry.npm.taobao.org/flatted/download/flatted-2.0.2.tgz",
      "integrity": "sha1-RXWyHivO50NKqb5mL0t7X5wrUTg="
    },
    "fs-extra": {
      "version": "8.1.0",
      "resolved": "https://registry.npm.taobao.org/fs-extra/download/fs-extra-8.1.0.tgz",
      "integrity": "sha1-SdQ8RaiM2Wd2aMt74bRu/bjS4cA=",
      "requires": {
        "graceful-fs": "^4.2.0",
        "jsonfile": "^4.0.0",
        "universalify": "^0.1.0"
      }
    },
    "fsevents": {
      "version": "2.1.3",
      "resolved": "https://registry.npm.taobao.org/fsevents/download/fsevents-2.1.3.tgz?cache=0&sync_timestamp=1604593428080&other_urls=https%3A%2F%2Fregistry.npm.taobao.org%2Ffsevents%2Fdownload%2Ffsevents-2.1.3.tgz",
      "integrity": "sha1-+3OHA66NL5/pAMM4Nt3r7ouX8j4=",
      "optional": true
    },
    "glob-parent": {
      "version": "5.1.1",
      "resolved": "https://registry.npm.taobao.org/glob-parent/download/glob-parent-5.1.1.tgz",
      "integrity": "sha1-tsHvQXxOVmPqSY8cRa+saRa7wik=",
      "requires": {
        "is-glob": "^4.0.1"
      }
    },
    "graceful-fs": {
      "version": "4.2.4",
      "resolved": "https://registry.npm.taobao.org/graceful-fs/download/graceful-fs-4.2.4.tgz",
      "integrity": "sha1-Ila94U02MpWMRl68ltxGfKB6Kfs="
    },
    "growly": {
      "version": "1.3.0",
      "resolved": "https://registry.npm.taobao.org/growly/download/growly-1.3.0.tgz",
      "integrity": "sha1-8QdIy+dq+WS3yWyTxrzCivEgwIE="
    },
    "is-binary-path": {
      "version": "2.1.0",
      "resolved": "https://registry.npm.taobao.org/is-binary-path/download/is-binary-path-2.1.0.tgz",
      "integrity": "sha1-6h9/O4DwZCNug0cPhsCcJU+0Wwk=",
      "requires": {
        "binary-extensions": "^2.0.0"
      }
    },
    "is-docker": {
      "version": "2.1.1",
      "resolved": "https://registry.npm.taobao.org/is-docker/download/is-docker-2.1.1.tgz?cache=0&sync_timestamp=1596559351223&other_urls=https%3A%2F%2Fregistry.npm.taobao.org%2Fis-docker%2Fdownload%2Fis-docker-2.1.1.tgz",
      "integrity": "sha1-QSWojkTkUNOE4JBH7eca3C0UQVY="
    },
    "is-extglob": {
      "version": "2.1.1",
      "resolved": "https://registry.npm.taobao.org/is-extglob/download/is-extglob-2.1.1.tgz",
      "integrity": "sha1-qIwCU1eR8C7TfHahueqXc8gz+MI="
    },
    "is-glob": {
      "version": "4.0.1",
      "resolved": "https://registry.npm.taobao.org/is-glob/download/is-glob-4.0.1.tgz",
      "integrity": "sha1-dWfb6fL14kZ7x3q4PEopSCQHpdw=",
      "requires": {
        "is-extglob": "^2.1.1"
      }
    },
    "is-number": {
      "version": "7.0.0",
      "resolved": "https://registry.npm.taobao.org/is-number/download/is-number-7.0.0.tgz",
      "integrity": "sha1-dTU0W4lnNNX4DE0GxQlVUnoU8Ss="
    },
    "is-wsl": {
      "version": "2.2.0",
      "resolved": "https://registry.npm.taobao.org/is-wsl/download/is-wsl-2.2.0.tgz",
      "integrity": "sha1-dKTHbnfKn9P5MvKQwX6jJs0VcnE=",
      "requires": {
        "is-docker": "^2.0.0"
      }
    },
    "isexe": {
      "version": "2.0.0",
      "resolved": "https://registry.npm.taobao.org/isexe/download/isexe-2.0.0.tgz",
      "integrity": "sha1-6PvzdNxVb/iUehDcsFctYz8s+hA="
    },
    "jsonfile": {
      "version": "4.0.0",
      "resolved": "https://registry.npm.taobao.org/jsonfile/download/jsonfile-4.0.0.tgz?cache=0&sync_timestamp=1604161912962&other_urls=https%3A%2F%2Fregistry.npm.taobao.org%2Fjsonfile%2Fdownload%2Fjsonfile-4.0.0.tgz",
      "integrity": "sha1-h3Gq4HmbZAdrdmQPygWPnBDjPss=",
      "requires": {
        "graceful-fs": "^4.1.6"
      }
    },
    "log4js": {
      "version": "6.3.0",
      "resolved": "https://registry.npm.taobao.org/log4js/download/log4js-6.3.0.tgz",
      "integrity": "sha1-EN+vu0NDUaPjAnegC5h5RG9xW8s=",
      "requires": {
        "date-format": "^3.0.0",
        "debug": "^4.1.1",
        "flatted": "^2.0.1",
        "rfdc": "^1.1.4",
        "streamroller": "^2.2.4"
      }
    },
    "minimist": {
      "version": "0.0.10",
      "resolved": "https://registry.npm.taobao.org/minimist/download/minimist-0.0.10.tgz",
      "integrity": "sha1-3j+YVD2/lggr5IrRoMfNqDYwHc8="
    },
    "ms": {
      "version": "2.1.2",
      "resolved": "https://registry.npm.taobao.org/ms/download/ms-2.1.2.tgz",
      "integrity": "sha1-0J0fNXtEP0kzgqjrPM0YOHKuYAk="
    },
    "node-notifier": {
      "version": "8.0.0",
      "resolved": "https://registry.npm.taobao.org/node-notifier/download/node-notifier-8.0.0.tgz?cache=0&sync_timestamp=1597311416653&other_urls=https%3A%2F%2Fregistry.npm.taobao.org%2Fnode-notifier%2Fdownload%2Fnode-notifier-8.0.0.tgz",
      "integrity": "sha1-p+7i1R2m0Pf/UJS8cQjJESQMFiA=",
      "requires": {
        "growly": "^1.3.0",
        "is-wsl": "^2.2.0",
        "semver": "^7.3.2",
        "shellwords": "^0.1.1",
        "uuid": "^8.3.0",
        "which": "^2.0.2"
      }
    },
    "node-windows": {
      "version": "1.0.0-beta.5",
      "resolved": "https://registry.npm.taobao.org/node-windows/download/node-windows-1.0.0-beta.5.tgz",
      "integrity": "sha1-95KIscpvH0Gm0xIpkCxhGiGrudY=",
      "requires": {
        "optimist": "~0.6.0",
        "xml": "0.0.12"
      }
    },
    "normalize-path": {
      "version": "3.0.0",
      "resolved": "https://registry.npm.taobao.org/normalize-path/download/normalize-path-3.0.0.tgz",
      "integrity": "sha1-Dc1p/yOhybEf0JeDFmRKA4ghamU="
    },
    "optimist": {
      "version": "0.6.1",
      "resolved": "https://registry.npm.taobao.org/optimist/download/optimist-0.6.1.tgz",
      "integrity": "sha1-2j6nRob6IaGaERwybpDrFaAZZoY=",
      "requires": {
        "minimist": "~0.0.1",
        "wordwrap": "~0.0.2"
      }
    },
    "picomatch": {
      "version": "2.2.2",
      "resolved": "https://registry.npm.taobao.org/picomatch/download/picomatch-2.2.2.tgz",
      "integrity": "sha1-IfMz6ba46v8CRo9RRupAbTRfTa0="
    },
    "readdirp": {
      "version": "3.5.0",
      "resolved": "https://registry.npm.taobao.org/readdirp/download/readdirp-3.5.0.tgz",
      "integrity": "sha1-m6dMAZsV02UnjS6Ru4xI17TULJ4=",
      "requires": {
        "picomatch": "^2.2.1"
      }
    },
    "rfdc": {
      "version": "1.1.4",
      "resolved": "https://registry.npm.taobao.org/rfdc/download/rfdc-1.1.4.tgz",
      "integrity": "sha1-unLME2egzNnPgahws7WL060H+MI="
    },
    "semver": {
      "version": "7.3.2",
      "resolved": "https://registry.npm.taobao.org/semver/download/semver-7.3.2.tgz",
      "integrity": "sha1-YElisFK4HtB4aq6EOJ/7pw/9OTg="
    },
    "shellwords": {
      "version": "0.1.1",
      "resolved": "https://registry.npm.taobao.org/shellwords/download/shellwords-0.1.1.tgz",
      "integrity": "sha1-1rkYHBpI05cyTISHHvvPxz/AZUs="
    },
    "simple-git": {
      "version": "2.23.0",
      "resolved": "https://registry.npm.taobao.org/simple-git/download/simple-git-2.23.0.tgz?cache=0&sync_timestamp=1605856088935&other_urls=https%3A%2F%2Fregistry.npm.taobao.org%2Fsimple-git%2Fdownload%2Fsimple-git-2.23.0.tgz",
      "integrity": "sha1-sVhElW2mNXWugakznk6rKegUEYI=",
      "requires": {
        "@kwsites/file-exists": "^1.1.1",
        "@kwsites/promise-deferred": "^1.1.1",
        "debug": "^4.3.1"
      }
    },
    "streamroller": {
      "version": "2.2.4",
      "resolved": "https://registry.npm.taobao.org/streamroller/download/streamroller-2.2.4.tgz",
      "integrity": "sha1-wZjO1C25QIamGTYIGHzoCl8rDlM=",
      "requires": {
        "date-format": "^2.1.0",
        "debug": "^4.1.1",
        "fs-extra": "^8.1.0"
      },
      "dependencies": {
        "date-format": {
          "version": "2.1.0",
          "resolved": "https://registry.npm.taobao.org/date-format/download/date-format-2.1.0.tgz",
          "integrity": "sha1-MdW16iEc9f12TNOLr50DPffhJc8="
        }
      }
    },
    "to-regex-range": {
      "version": "5.0.1",
      "resolved": "https://registry.npm.taobao.org/to-regex-range/download/to-regex-range-5.0.1.tgz",
      "integrity": "sha1-FkjESq58jZiKMmAY7XL1tN0DkuQ=",
      "requires": {
        "is-number": "^7.0.0"
      }
    },
    "universalify": {
      "version": "0.1.2",
      "resolved": "https://registry.npm.taobao.org/universalify/download/universalify-0.1.2.tgz?cache=0&sync_timestamp=1603179970052&other_urls=https%3A%2F%2Fregistry.npm.taobao.org%2Funiversalify%2Fdownload%2Funiversalify-0.1.2.tgz",
      "integrity": "sha1-tkb2m+OULavOzJ1mOcgNwQXvqmY="
    },
    "uuid": {
      "version": "8.3.1",
      "resolved": "https://registry.npm.taobao.org/uuid/download/uuid-8.3.1.tgz?cache=0&sync_timestamp=1605962420250&other_urls=https%3A%2F%2Fregistry.npm.taobao.org%2Fuuid%2Fdownload%2Fuuid-8.3.1.tgz",
      "integrity": "sha1-K6LmygANpg/OWhlpVKskETHgWjE="
    },
    "which": {
      "version": "2.0.2",
      "resolved": "https://registry.npm.taobao.org/which/download/which-2.0.2.tgz",
      "integrity": "sha1-fGqN0KY2oDJ+ELWckobu6T8/UbE=",
      "requires": {
        "isexe": "^2.0.0"
      }
    },
    "wordwrap": {
      "version": "0.0.3",
      "resolved": "https://registry.npm.taobao.org/wordwrap/download/wordwrap-0.0.3.tgz",
      "integrity": "sha1-o9XabNXAvAAI03I0u68b7WMFkQc="
    },
    "xml": {
      "version": "0.0.12",
      "resolved": "https://registry.npm.taobao.org/xml/download/xml-0.0.12.tgz",
      "integrity": "sha1-8Is0cQmRK+AChXhfRvFa2OUKX2c="
    }
  }
}
